
Microsoft Visual Studio Solution File, Format Version 12.00
# Visual Studio Version 17
VisualStudioVersion = 17.10.35122.118
MinimumVisualStudioVersion = 10.0.40219.1
Project("{FAE04EC0-301F-11D3-BF4B-00C04F79EFBC}") = "MyWebAppOne", "MyWebAppOne.csproj", "{A5E11981-C9B2-4102-8694-928CA3ED440C}"
EndProject
Project("{FAE04EC0-301F-11D3-BF4B-00C04F79EFBC}") = "MyEvent", "..\MyEvent\MyEvent.csproj", "{E94EAA63-01D9-4BAA-A56B-B7D8A70EC7D5}"
EndProject
Global
	GlobalSection(SolutionConfigurationPlatforms) = preSolution
		Debug|Any CPU = Debug|Any CPU
		Release|Any CPU = Release|Any CPU
	EndGlobalSection
	GlobalSection(ProjectConfigurationPlatforms) = postSolution
		{A5E11981-C9B2-4102-8694-928CA3ED440C}.Debug|Any CPU.ActiveCfg = Debug|Any CPU
		{A5E11981-C9B2-4102-8694-928CA3ED440C}.Debug|Any CPU.Build.0 = Debug|Any CPU
		{A5E11981-C9B2-4102-8694-928CA3ED440C}.Release|Any CPU.ActiveCfg = Release|Any CPU
		{A5E11981-C9B2-4102-8694-928CA3ED440C}.Release|Any CPU.Build.0 = Release|Any CPU
		{E94EAA63-01D9-4BAA-A56B-B7D8A70EC7D5}.Debug|Any CPU.ActiveCfg = Debug|Any CPU
		{E94EAA63-01D9-4BAA-A56B-B7D8A70EC7D5}.Debug|Any CPU.Build.0 = Debug|Any CPU
		{E94EAA63-01D9-4BAA-A56B-B7D8A70EC7D5}.Release|Any CPU.ActiveCfg = Release|Any CPU
		{E94EAA63-01D9-4BAA-A56B-B7D8A70EC7D5}.Release|Any CPU.Build.0 = Release|Any CPU
	EndGlobalSection
	GlobalSection(SolutionProperties) = preSolution
		HideSolutionNode = FALSE
	EndGlobalSection
	GlobalSection(ExtensibilityGlobals) = postSolution
		SolutionGuid = {0356088A-967F-4BE4-B0A7-9ED4BB7A2C80}
	EndGlobalSection
EndGlobal
